
Microsoft Visual Studio Solution File, Format Version 12.00
Project("{FAE04EC0-301F-11D3-BF4B-00C04F79EFBC}") = "A2.Server", "A2.Server\A2.Server.csproj", "{A03C3C77-94D2-4C79-B00E-16A7BE00EFB6}"
EndProject
Project("{FAE04EC0-301F-11D3-BF4B-00C04F79EFBC}") = "A2.Shared", "A2.Shared\A2.Shared.csproj", "{D6E92BD2-2485-40ED-935E-97901FC77738}"
EndProject
Project("{FAE04EC0-301F-11D3-BF4B-00C04F79EFBC}") = "A2.Dashboard", "A2.Dashboard\A2.Dashboard.csproj", "{98E3838D-65AB-49E6-AD82-C6B9AA3E5C89}"
EndProject
Project("{FAE04EC0-301F-11D3-BF4B-00C04F79EFBC}") = "A2.ClientFunc", "A2.ClientFunc\A2.ClientFunc.csproj", "{8AAF371B-B878-48F5-8351-A59B3BA4F241}"
EndProject
Global
	GlobalSection(SolutionConfigurationPlatforms) = preSolution
		Debug|Any CPU = Debug|Any CPU
		Release|Any CPU = Release|Any CPU
	EndGlobalSection
	GlobalSection(ProjectConfigurationPlatforms) = postSolution
		{A03C3C77-94D2-4C79-B00E-16A7BE00EFB6}.Debug|Any CPU.ActiveCfg = Debug|Any CPU
		{A03C3C77-94D2-4C79-B00E-16A7BE00EFB6}.Debug|Any CPU.Build.0 = Debug|Any CPU
		{A03C3C77-94D2-4C79-B00E-16A7BE00EFB6}.Release|Any CPU.ActiveCfg = Release|Any CPU
		{A03C3C77-94D2-4C79-B00E-16A7BE00EFB6}.Release|Any CPU.Build.0 = Release|Any CPU
		{D6E92BD2-2485-40ED-935E-97901FC77738}.Debug|Any CPU.ActiveCfg = Debug|Any CPU
		{D6E92BD2-2485-40ED-935E-97901FC77738}.Debug|Any CPU.Build.0 = Debug|Any CPU
		{D6E92BD2-2485-40ED-935E-97901FC77738}.Release|Any CPU.ActiveCfg = Release|Any CPU
		{D6E92BD2-2485-40ED-935E-97901FC77738}.Release|Any CPU.Build.0 = Release|Any CPU
		{98E3838D-65AB-49E6-AD82-C6B9AA3E5C89}.Debug|Any CPU.ActiveCfg = Debug|Any CPU
		{98E3838D-65AB-49E6-AD82-C6B9AA3E5C89}.Debug|Any CPU.Build.0 = Debug|Any CPU
		{98E3838D-65AB-49E6-AD82-C6B9AA3E5C89}.Release|Any CPU.ActiveCfg = Release|Any CPU
		{98E3838D-65AB-49E6-AD82-C6B9AA3E5C89}.Release|Any CPU.Build.0 = Release|Any CPU
		{8AAF371B-B878-48F5-8351-A59B3BA4F241}.Debug|Any CPU.ActiveCfg = Debug|Any CPU
		{8AAF371B-B878-48F5-8351-A59B3BA4F241}.Debug|Any CPU.Build.0 = Debug|Any CPU
		{8AAF371B-B878-48F5-8351-A59B3BA4F241}.Release|Any CPU.ActiveCfg = Release|Any CPU
		{8AAF371B-B878-48F5-8351-A59B3BA4F241}.Release|Any CPU.Build.0 = Release|Any CPU
	EndGlobalSection
EndGlobal
